
Microsoft Visual Studio Solution File, Format Version 12.00
# Visual Studio Version 17
VisualStudioVersion = 17.8.34330.188
MinimumVisualStudioVersion = 10.0.40219.1
Project("{9A19103F-16F7-4668-BE54-9A1E7A4F7556}") = "SandboxTest", "SandboxTest\SandboxTest.csproj", "{F75F0769-B640-4241-B280-49B5690FFB24}"
EndProject
Project("{9A19103F-16F7-4668-BE54-9A1E7A4F7556}") = "SandboxTest.TestAdapter", "SandboxTest.TestAdapter\SandboxTest.TestAdapter.csproj", "{238FCC44-12C7-42D9-A472-5D87AA4C6289}"
EndProject
Project("{9A19103F-16F7-4668-BE54-9A1E7A4F7556}") = "SandboxTest.Playwright", "SandboxTest.Playwright\SandboxTest.Playwright.csproj", "{072F227E-6621-4F1B-95A5-6249D9E7B583}"
EndProject
Project("{9A19103F-16F7-4668-BE54-9A1E7A4F7556}") = "SandboxTest.Sample", "SandboxTest.Sample\SandboxTest.Sample.csproj", "{3DB0EBD1-9C51-427B-887B-5E08B534B7C9}"
EndProject
Project("{9A19103F-16F7-4668-BE54-9A1E7A4F7556}") = "SandboxTest.Engine", "SandboxTest.Engine\SandboxTest.Engine.csproj", "{76236144-CBC3-4E61-800B-A4EEB115F3E2}"
EndProject
Project("{9A19103F-16F7-4668-BE54-9A1E7A4F7556}") = "SandboxTest.Sample.Application1", "SandboxTest.Sample.Application1\SandboxTest.Sample.Application1.csproj", "{2AF8FDEF-7991-4D5C-BDA8-5392A311B5BE}"
EndProject
Project("{9A19103F-16F7-4668-BE54-9A1E7A4F7556}") = "SandboxTest.Net.Http", "SandboxTest.Net.Http\SandboxTest.Net.Http.csproj", "{3F82F51A-0924-48D4-9D6F-4022111FC281}"
EndProject
Project("{9A19103F-16F7-4668-BE54-9A1E7A4F7556}") = "SandboxTest.AspNetCore", "SandboxTest.AspNetCore\SandboxTest.AspNetCore.csproj", "{81091381-44B9-4AC7-A5D0-7E9C57112145}"
EndProject
Project("{9A19103F-16F7-4668-BE54-9A1E7A4F7556}") = "SandboxTest.Sample.Application2", "SandboxTest.Sample.Application2\SandboxTest.Sample.Application2.csproj", "{D7B1B994-A63B-4EFF-8BD6-1CBF313E5C63}"
EndProject
Project("{9A19103F-16F7-4668-BE54-9A1E7A4F7556}") = "SandboxTest.Hosting", "SandboxTest.Hosting\SandboxTest.Hosting.csproj", "{32080B43-5934-49F7-9AAA-C5927283FB51}"
EndProject
Project("{9A19103F-16F7-4668-BE54-9A1E7A4F7556}") = "SandboxTest.Sample.Application3", "SandboxTest.Sample.Application3\SandboxTest.Sample.Application3.csproj", "{2515B286-F664-4154-B74E-779030FC900B}"
EndProject
Project("{2150E333-8FDC-42A3-9474-1A3956D46DE8}") = "Samples", "Samples", "{6D4445A6-E876-4088-A2E6-7536725136DB}"
EndProject
Project("{9A19103F-16F7-4668-BE54-9A1E7A4F7556}") = "SandboxTest.AspNetCore.EndpointInterceptor", "SandboxTest.AspNetCore.EndpointInterceptor\SandboxTest.AspNetCore.EndpointInterceptor.csproj", "{670DF7D0-BEC5-4CB9-BBB1-BE82D7058400}"
EndProject
Project("{9A19103F-16F7-4668-BE54-9A1E7A4F7556}") = "SandboxTest.WireMock", "SandboxTest.WireMock\SandboxTest.WireMock.csproj", "{59B58112-00BF-4AC1-810C-0D1F011C20E3}"
EndProject
Project("{54A90642-561A-4BB1-A94E-469ADEE60C69}") = "sandboxtest.sample.application4.client", "sandboxtest.sample.application4.client\sandboxtest.sample.application4.client.esproj", "{EEA3D319-AAE5-4584-B7A1-D9259C8E6AEB}"
EndProject
Project("{9A19103F-16F7-4668-BE54-9A1E7A4F7556}") = "SandboxTest.Sample.Application4.Server", "SandboxTest.Sample.Application4.Server\SandboxTest.Sample.Application4.Server.csproj", "{9E3FDCD2-36A6-4FC9-AE0E-9E2E467FEE88}"
EndProject
Project("{9A19103F-16F7-4668-BE54-9A1E7A4F7556}") = "SandboxTest.Dummy", "SandboxTest.Dummy\SandboxTest.Dummy.csproj", "{A3F5EB22-3206-42FA-AA9A-96AECB6D3236}"
EndProject
Project("{9A19103F-16F7-4668-BE54-9A1E7A4F7556}") = "SandboxTest.Executable", "SandboxTest.Executable\SandboxTest.Executable.csproj", "{4D752339-2305-4C6A-B628-0B11B71CDEAC}"
EndProject
Project("{9A19103F-16F7-4668-BE54-9A1E7A4F7556}") = "SandboxTest.WebServer", "SandboxTest.WebServer\SandboxTest.WebServer.csproj", "{57E3FAC5-E0D5-43C9-B0F9-76D9B25E4EF3}"
EndProject
Project("{9A19103F-16F7-4668-BE54-9A1E7A4F7556}") = "SandboxTest.Node", "SandboxTest.Node\SandboxTest.Node.csproj", "{FD1D95FD-B270-422C-8C1B-AB4D7B49D91F}"
EndProject
Project("{9A19103F-16F7-4668-BE54-9A1E7A4F7556}") = "SandboxTest.Application", "SandboxTest.Application\SandboxTest.Application.csproj", "{3420BE51-D2FC-4E65-A84F-B5A6FD281C36}"
EndProject
Project("{9A19103F-16F7-4668-BE54-9A1E7A4F7556}") = "SandboxTest.Sample.Application5.Server", "SandboxTest.Sample.Application5\SandboxTest.Sample.Application5.Server\SandboxTest.Sample.Application5.Server.csproj", "{6B3BE559-80FE-40B4-9D98-C7A7AEC083D2}"
EndProject
Project("{54A90642-561A-4BB1-A94E-469ADEE60C69}") = "sandboxtest.sample.application5.client", "SandboxTest.Sample.Application5\sandboxtest.sample.application5.client\sandboxtest.sample.application5.client.esproj", "{526294E2-2256-4C76-B99E-B98E6A0DD7AE}"
EndProject
Project("{9A19103F-16F7-4668-BE54-9A1E7A4F7556}") = "SandboxTest.Hosting.Tests", "SandboxTest.Hosting.Tests\SandboxTest.Hosting.Tests.csproj", "{80396C47-8672-4DC1-BD79-0BAD50457967}"
EndProject
Global
	GlobalSection(SolutionConfigurationPlatforms) = preSolution
		Debug|Any CPU = Debug|Any CPU
		Release|Any CPU = Release|Any CPU
	EndGlobalSection
	GlobalSection(ProjectConfigurationPlatforms) = postSolution
		{F75F0769-B640-4241-B280-49B5690FFB24}.Debug|Any CPU.ActiveCfg = Debug|Any CPU
		{F75F0769-B640-4241-B280-49B5690FFB24}.Debug|Any CPU.Build.0 = Debug|Any CPU
		{F75F0769-B640-4241-B280-49B5690FFB24}.Release|Any CPU.ActiveCfg = Release|Any CPU
		{F75F0769-B640-4241-B280-49B5690FFB24}.Release|Any CPU.Build.0 = Release|Any CPU
		{238FCC44-12C7-42D9-A472-5D87AA4C6289}.Debug|Any CPU.ActiveCfg = Debug|Any CPU
		{238FCC44-12C7-42D9-A472-5D87AA4C6289}.Debug|Any CPU.Build.0 = Debug|Any CPU
		{238FCC44-12C7-42D9-A472-5D87AA4C6289}.Release|Any CPU.ActiveCfg = Release|Any CPU
		{238FCC44-12C7-42D9-A472-5D87AA4C6289}.Release|Any CPU.Build.0 = Release|Any CPU
		{072F227E-6621-4F1B-95A5-6249D9E7B583}.Debug|Any CPU.ActiveCfg = Debug|Any CPU
		{072F227E-6621-4F1B-95A5-6249D9E7B583}.Debug|Any CPU.Build.0 = Debug|Any CPU
		{072F227E-6621-4F1B-95A5-6249D9E7B583}.Release|Any CPU.ActiveCfg = Release|Any CPU
		{072F227E-6621-4F1B-95A5-6249D9E7B583}.Release|Any CPU.Build.0 = Release|Any CPU
		{3DB0EBD1-9C51-427B-887B-5E08B534B7C9}.Debug|Any CPU.ActiveCfg = Debug|Any CPU
		{3DB0EBD1-9C51-427B-887B-5E08B534B7C9}.Debug|Any CPU.Build.0 = Debug|Any CPU
		{3DB0EBD1-9C51-427B-887B-5E08B534B7C9}.Release|Any CPU.ActiveCfg = Release|Any CPU
		{3DB0EBD1-9C51-427B-887B-5E08B534B7C9}.Release|Any CPU.Build.0 = Release|Any CPU
		{76236144-CBC3-4E61-800B-A4EEB115F3E2}.Debug|Any CPU.ActiveCfg = Debug|Any CPU
		{76236144-CBC3-4E61-800B-A4EEB115F3E2}.Debug|Any CPU.Build.0 = Debug|Any CPU
		{76236144-CBC3-4E61-800B-A4EEB115F3E2}.Release|Any CPU.ActiveCfg = Release|Any CPU
		{76236144-CBC3-4E61-800B-A4EEB115F3E2}.Release|Any CPU.Build.0 = Release|Any CPU
		{2AF8FDEF-7991-4D5C-BDA8-5392A311B5BE}.Debug|Any CPU.ActiveCfg = Debug|Any CPU
		{2AF8FDEF-7991-4D5C-BDA8-5392A311B5BE}.Debug|Any CPU.Build.0 = Debug|Any CPU
		{2AF8FDEF-7991-4D5C-BDA8-5392A311B5BE}.Release|Any CPU.ActiveCfg = Release|Any CPU
		{2AF8FDEF-7991-4D5C-BDA8-5392A311B5BE}.Release|Any CPU.Build.0 = Release|Any CPU
		{3F82F51A-0924-48D4-9D6F-4022111FC281}.Debug|Any CPU.ActiveCfg = Debug|Any CPU
		{3F82F51A-0924-48D4-9D6F-4022111FC281}.Debug|Any CPU.Build.0 = Debug|Any CPU
		{3F82F51A-0924-48D4-9D6F-4022111FC281}.Release|Any CPU.ActiveCfg = Release|Any CPU
		{3F82F51A-0924-48D4-9D6F-4022111FC281}.Release|Any CPU.Build.0 = Release|Any CPU
		{81091381-44B9-4AC7-A5D0-7E9C57112145}.Debug|Any CPU.ActiveCfg = Debug|Any CPU
		{81091381-44B9-4AC7-A5D0-7E9C57112145}.Debug|Any CPU.Build.0 = Debug|Any CPU
		{81091381-44B9-4AC7-A5D0-7E9C57112145}.Release|Any CPU.ActiveCfg = Release|Any CPU
		{81091381-44B9-4AC7-A5D0-7E9C57112145}.Release|Any CPU.Build.0 = Release|Any CPU
		{D7B1B994-A63B-4EFF-8BD6-1CBF313E5C63}.Debug|Any CPU.ActiveCfg = Debug|Any CPU
		{D7B1B994-A63B-4EFF-8BD6-1CBF313E5C63}.Debug|Any CPU.Build.0 = Debug|Any CPU
		{D7B1B994-A63B-4EFF-8BD6-1CBF313E5C63}.Release|Any CPU.ActiveCfg = Release|Any CPU
		{D7B1B994-A63B-4EFF-8BD6-1CBF313E5C63}.Release|Any CPU.Build.0 = Release|Any CPU
		{32080B43-5934-49F7-9AAA-C5927283FB51}.Debug|Any CPU.ActiveCfg = Debug|Any CPU
		{32080B43-5934-49F7-9AAA-C5927283FB51}.Debug|Any CPU.Build.0 = Debug|Any CPU
		{32080B43-5934-49F7-9AAA-C5927283FB51}.Release|Any CPU.ActiveCfg = Release|Any CPU
		{32080B43-5934-49F7-9AAA-C5927283FB51}.Release|Any CPU.Build.0 = Release|Any CPU
		{2515B286-F664-4154-B74E-779030FC900B}.Debug|Any CPU.ActiveCfg = Debug|Any CPU
		{2515B286-F664-4154-B74E-779030FC900B}.Debug|Any CPU.Build.0 = Debug|Any CPU
		{2515B286-F664-4154-B74E-779030FC900B}.Release|Any CPU.ActiveCfg = Release|Any CPU
		{2515B286-F664-4154-B74E-779030FC900B}.Release|Any CPU.Build.0 = Release|Any CPU
		{670DF7D0-BEC5-4CB9-BBB1-BE82D7058400}.Debug|Any CPU.ActiveCfg = Debug|Any CPU
		{670DF7D0-BEC5-4CB9-BBB1-BE82D7058400}.Debug|Any CPU.Build.0 = Debug|Any CPU
		{670DF7D0-BEC5-4CB9-BBB1-BE82D7058400}.Release|Any CPU.ActiveCfg = Release|Any CPU
		{670DF7D0-BEC5-4CB9-BBB1-BE82D7058400}.Release|Any CPU.Build.0 = Release|Any CPU
		{59B58112-00BF-4AC1-810C-0D1F011C20E3}.Debug|Any CPU.ActiveCfg = Debug|Any CPU
		{59B58112-00BF-4AC1-810C-0D1F011C20E3}.Debug|Any CPU.Build.0 = Debug|Any CPU
		{59B58112-00BF-4AC1-810C-0D1F011C20E3}.Release|Any CPU.ActiveCfg = Release|Any CPU
		{59B58112-00BF-4AC1-810C-0D1F011C20E3}.Release|Any CPU.Build.0 = Release|Any CPU
		{EEA3D319-AAE5-4584-B7A1-D9259C8E6AEB}.Debug|Any CPU.ActiveCfg = Debug|Any CPU
		{EEA3D319-AAE5-4584-B7A1-D9259C8E6AEB}.Debug|Any CPU.Build.0 = Debug|Any CPU
		{EEA3D319-AAE5-4584-B7A1-D9259C8E6AEB}.Debug|Any CPU.Deploy.0 = Debug|Any CPU
		{EEA3D319-AAE5-4584-B7A1-D9259C8E6AEB}.Release|Any CPU.ActiveCfg = Release|Any CPU
		{EEA3D319-AAE5-4584-B7A1-D9259C8E6AEB}.Release|Any CPU.Build.0 = Release|Any CPU
		{EEA3D319-AAE5-4584-B7A1-D9259C8E6AEB}.Release|Any CPU.Deploy.0 = Release|Any CPU
		{9E3FDCD2-36A6-4FC9-AE0E-9E2E467FEE88}.Debug|Any CPU.ActiveCfg = Debug|Any CPU
		{9E3FDCD2-36A6-4FC9-AE0E-9E2E467FEE88}.Debug|Any CPU.Build.0 = Debug|Any CPU
		{9E3FDCD2-36A6-4FC9-AE0E-9E2E467FEE88}.Release|Any CPU.ActiveCfg = Release|Any CPU
		{9E3FDCD2-36A6-4FC9-AE0E-9E2E467FEE88}.Release|Any CPU.Build.0 = Release|Any CPU
		{A3F5EB22-3206-42FA-AA9A-96AECB6D3236}.Debug|Any CPU.ActiveCfg = Debug|Any CPU
		{A3F5EB22-3206-42FA-AA9A-96AECB6D3236}.Debug|Any CPU.Build.0 = Debug|Any CPU
		{A3F5EB22-3206-42FA-AA9A-96AECB6D3236}.Release|Any CPU.ActiveCfg = Release|Any CPU
		{A3F5EB22-3206-42FA-AA9A-96AECB6D3236}.Release|Any CPU.Build.0 = Release|Any CPU
		{4D752339-2305-4C6A-B628-0B11B71CDEAC}.Debug|Any CPU.ActiveCfg = Debug|Any CPU
		{4D752339-2305-4C6A-B628-0B11B71CDEAC}.Debug|Any CPU.Build.0 = Debug|Any CPU
		{4D752339-2305-4C6A-B628-0B11B71CDEAC}.Release|Any CPU.ActiveCfg = Release|Any CPU
		{4D752339-2305-4C6A-B628-0B11B71CDEAC}.Release|Any CPU.Build.0 = Release|Any CPU
		{57E3FAC5-E0D5-43C9-B0F9-76D9B25E4EF3}.Debug|Any CPU.ActiveCfg = Debug|Any CPU
		{57E3FAC5-E0D5-43C9-B0F9-76D9B25E4EF3}.Debug|Any CPU.Build.0 = Debug|Any CPU
		{57E3FAC5-E0D5-43C9-B0F9-76D9B25E4EF3}.Release|Any CPU.ActiveCfg = Release|Any CPU
		{57E3FAC5-E0D5-43C9-B0F9-76D9B25E4EF3}.Release|Any CPU.Build.0 = Release|Any CPU
		{FD1D95FD-B270-422C-8C1B-AB4D7B49D91F}.Debug|Any CPU.ActiveCfg = Debug|Any CPU
		{FD1D95FD-B270-422C-8C1B-AB4D7B49D91F}.Debug|Any CPU.Build.0 = Debug|Any CPU
		{FD1D95FD-B270-422C-8C1B-AB4D7B49D91F}.Release|Any CPU.ActiveCfg = Release|Any CPU
		{FD1D95FD-B270-422C-8C1B-AB4D7B49D91F}.Release|Any CPU.Build.0 = Release|Any CPU
		{3420BE51-D2FC-4E65-A84F-B5A6FD281C36}.Debug|Any CPU.ActiveCfg = Debug|Any CPU
		{3420BE51-D2FC-4E65-A84F-B5A6FD281C36}.Debug|Any CPU.Build.0 = Debug|Any CPU
		{3420BE51-D2FC-4E65-A84F-B5A6FD281C36}.Release|Any CPU.ActiveCfg = Release|Any CPU
		{3420BE51-D2FC-4E65-A84F-B5A6FD281C36}.Release|Any CPU.Build.0 = Release|Any CPU
		{6B3BE559-80FE-40B4-9D98-C7A7AEC083D2}.Debug|Any CPU.ActiveCfg = Debug|Any CPU
		{6B3BE559-80FE-40B4-9D98-C7A7AEC083D2}.Debug|Any CPU.Build.0 = Debug|Any CPU
		{6B3BE559-80FE-40B4-9D98-C7A7AEC083D2}.Release|Any CPU.ActiveCfg = Release|Any CPU
		{6B3BE559-80FE-40B4-9D98-C7A7AEC083D2}.Release|Any CPU.Build.0 = Release|Any CPU
		{526294E2-2256-4C76-B99E-B98E6A0DD7AE}.Debug|Any CPU.ActiveCfg = Debug|Any CPU
		{526294E2-2256-4C76-B99E-B98E6A0DD7AE}.Debug|Any CPU.Build.0 = Debug|Any CPU
		{526294E2-2256-4C76-B99E-B98E6A0DD7AE}.Debug|Any CPU.Deploy.0 = Debug|Any CPU
		{526294E2-2256-4C76-B99E-B98E6A0DD7AE}.Release|Any CPU.ActiveCfg = Release|Any CPU
		{526294E2-2256-4C76-B99E-B98E6A0DD7AE}.Release|Any CPU.Build.0 = Release|Any CPU
		{526294E2-2256-4C76-B99E-B98E6A0DD7AE}.Release|Any CPU.Deploy.0 = Release|Any CPU
		{80396C47-8672-4DC1-BD79-0BAD50457967}.Debug|Any CPU.ActiveCfg = Debug|Any CPU
		{80396C47-8672-4DC1-BD79-0BAD50457967}.Debug|Any CPU.Build.0 = Debug|Any CPU
		{80396C47-8672-4DC1-BD79-0BAD50457967}.Release|Any CPU.ActiveCfg = Release|Any CPU
		{80396C47-8672-4DC1-BD79-0BAD50457967}.Release|Any CPU.Build.0 = Release|Any CPU
	EndGlobalSection
	GlobalSection(SolutionProperties) = preSolution
		HideSolutionNode = FALSE
	EndGlobalSection
	GlobalSection(NestedProjects) = preSolution
		{3DB0EBD1-9C51-427B-887B-5E08B534B7C9} = {6D4445A6-E876-4088-A2E6-7536725136DB}
		{2AF8FDEF-7991-4D5C-BDA8-5392A311B5BE} = {6D4445A6-E876-4088-A2E6-7536725136DB}
		{D7B1B994-A63B-4EFF-8BD6-1CBF313E5C63} = {6D4445A6-E876-4088-A2E6-7536725136DB}
		{2515B286-F664-4154-B74E-779030FC900B} = {6D4445A6-E876-4088-A2E6-7536725136DB}
		{EEA3D319-AAE5-4584-B7A1-D9259C8E6AEB} = {6D4445A6-E876-4088-A2E6-7536725136DB}
		{9E3FDCD2-36A6-4FC9-AE0E-9E2E467FEE88} = {6D4445A6-E876-4088-A2E6-7536725136DB}
		{6B3BE559-80FE-40B4-9D98-C7A7AEC083D2} = {6D4445A6-E876-4088-A2E6-7536725136DB}
		{526294E2-2256-4C76-B99E-B98E6A0DD7AE} = {6D4445A6-E876-4088-A2E6-7536725136DB}
	EndGlobalSection
	GlobalSection(ExtensibilityGlobals) = postSolution
		SolutionGuid = {013D8A86-504A-4132-95B5-904FCA5336DF}
	EndGlobalSection
EndGlobal
