
Microsoft Visual Studio Solution File, Format Version 12.00
# Visual Studio Version 17
VisualStudioVersion = 17.8.34330.188
MinimumVisualStudioVersion = 10.0.40219.1
Project("{9A19103F-16F7-4668-BE54-9A1E7A4F7556}") = "SandboxTest", "SandboxTest\SandboxTest.csproj", "{F75F0769-B640-4241-B280-49B5690FFB24}"
EndProject
Project("{9A19103F-16F7-4668-BE54-9A1E7A4F7556}") = "SandboxTest.WireMock", "SandboxTest.Runners.WireMock\SandboxTest.WireMock.csproj", "{A8DF8552-596B-4F1A-B35E-F8310A7ACE88}"
EndProject
Project("{9A19103F-16F7-4668-BE54-9A1E7A4F7556}") = "SandboxTest.TestAdapter", "SandboxTest.TestAdapter\SandboxTest.TestAdapter.csproj", "{238FCC44-12C7-42D9-A472-5D87AA4C6289}"
EndProject
Project("{9A19103F-16F7-4668-BE54-9A1E7A4F7556}") = "SandboxTest.Playwright", "SandboxTest.Playwright\SandboxTest.Playwright.csproj", "{072F227E-6621-4F1B-95A5-6249D9E7B583}"
EndProject
Project("{9A19103F-16F7-4668-BE54-9A1E7A4F7556}") = "SandboxTest.Sample", "SandboxTest.Sample\SandboxTest.Sample.csproj", "{3DB0EBD1-9C51-427B-887B-5E08B534B7C9}"
EndProject
Project("{9A19103F-16F7-4668-BE54-9A1E7A4F7556}") = "SandboxTest.Engine", "SandboxTest.Engine\SandboxTest.Engine.csproj", "{76236144-CBC3-4E61-800B-A4EEB115F3E2}"
EndProject
Project("{9A19103F-16F7-4668-BE54-9A1E7A4F7556}") = "SandboxTest.Sample.Application1", "SandboxTest.Sample.Application1\SandboxTest.Sample.Application1.csproj", "{2AF8FDEF-7991-4D5C-BDA8-5392A311B5BE}"
EndProject
Project("{9A19103F-16F7-4668-BE54-9A1E7A4F7556}") = "SandboxTest.Engine.ApplicationContainer", "SandboxTest.Engine.ApplicationContainer\SandboxTest.Engine.ApplicationContainer.csproj", "{C2BCEFD6-C19E-4AF7-95A0-AC63BAFAD274}"
EndProject
Project("{9A19103F-16F7-4668-BE54-9A1E7A4F7556}") = "SandboxTest.Net.Http", "SandboxTest.Net.Http\SandboxTest.Net.Http.csproj", "{3F82F51A-0924-48D4-9D6F-4022111FC281}"
EndProject
Project("{9A19103F-16F7-4668-BE54-9A1E7A4F7556}") = "SandboxTest.AspNetCore", "SandboxTest.AspNetCore\SandboxTest.AspNetCore.csproj", "{81091381-44B9-4AC7-A5D0-7E9C57112145}"
EndProject
Project("{9A19103F-16F7-4668-BE54-9A1E7A4F7556}") = "SandboxTest.Sample.Application2", "SandboxTest.Sample.Application2\SandboxTest.Sample.Application2.csproj", "{D7B1B994-A63B-4EFF-8BD6-1CBF313E5C63}"
EndProject
Project("{9A19103F-16F7-4668-BE54-9A1E7A4F7556}") = "SandboxTest.Hosting", "SandboxTest.Hosting\SandboxTest.Hosting.csproj", "{32080B43-5934-49F7-9AAA-C5927283FB51}"
EndProject
Project("{9A19103F-16F7-4668-BE54-9A1E7A4F7556}") = "SandboxTest.Sample.Application3", "SandboxTest.Sample.Application3\SandboxTest.Sample.Application3.csproj", "{2515B286-F664-4154-B74E-779030FC900B}"
EndProject
Project("{9A19103F-16F7-4668-BE54-9A1E7A4F7556}") = "SandboxTest.Hosting.ServiceInterceptor", "SandboxTest.Hosting.ServiceInterceptor\SandboxTest.Hosting.ServiceInterceptor.csproj", "{4CA9BB40-9126-4908-9478-CE8056D1BBC5}"
EndProject
Project("{FAE04EC0-301F-11D3-BF4B-00C04F79EFBC}") = "SandboxTest.Dummies", "SandboxTest.Dummies\SandboxTest.Dummies.csproj", "{B0FA0CA4-C99E-40DB-AA16-59D25299FE58}"
EndProject
Project("{9A19103F-16F7-4668-BE54-9A1E7A4F7556}") = "SandboxTest.Hosting.ServiceInterceptor.Tests", "SandboxTest.Hosting.ServiceInterceptor.Tests\SandboxTest.Hosting.ServiceInterceptor.Tests.csproj", "{8C1FC335-5112-4226-ABF8-029FA6785A88}"
EndProject
Project("{2150E333-8FDC-42A3-9474-1A3956D46DE8}") = "Samples", "Samples", "{6D4445A6-E876-4088-A2E6-7536725136DB}"
EndProject
Global
	GlobalSection(SolutionConfigurationPlatforms) = preSolution
		Debug|Any CPU = Debug|Any CPU
		Release|Any CPU = Release|Any CPU
	EndGlobalSection
	GlobalSection(ProjectConfigurationPlatforms) = postSolution
		{F75F0769-B640-4241-B280-49B5690FFB24}.Debug|Any CPU.ActiveCfg = Debug|Any CPU
		{F75F0769-B640-4241-B280-49B5690FFB24}.Debug|Any CPU.Build.0 = Debug|Any CPU
		{F75F0769-B640-4241-B280-49B5690FFB24}.Release|Any CPU.ActiveCfg = Release|Any CPU
		{F75F0769-B640-4241-B280-49B5690FFB24}.Release|Any CPU.Build.0 = Release|Any CPU
		{A8DF8552-596B-4F1A-B35E-F8310A7ACE88}.Debug|Any CPU.ActiveCfg = Debug|Any CPU
		{A8DF8552-596B-4F1A-B35E-F8310A7ACE88}.Debug|Any CPU.Build.0 = Debug|Any CPU
		{A8DF8552-596B-4F1A-B35E-F8310A7ACE88}.Release|Any CPU.ActiveCfg = Release|Any CPU
		{A8DF8552-596B-4F1A-B35E-F8310A7ACE88}.Release|Any CPU.Build.0 = Release|Any CPU
		{238FCC44-12C7-42D9-A472-5D87AA4C6289}.Debug|Any CPU.ActiveCfg = Debug|Any CPU
		{238FCC44-12C7-42D9-A472-5D87AA4C6289}.Debug|Any CPU.Build.0 = Debug|Any CPU
		{238FCC44-12C7-42D9-A472-5D87AA4C6289}.Release|Any CPU.ActiveCfg = Release|Any CPU
		{238FCC44-12C7-42D9-A472-5D87AA4C6289}.Release|Any CPU.Build.0 = Release|Any CPU
		{072F227E-6621-4F1B-95A5-6249D9E7B583}.Debug|Any CPU.ActiveCfg = Debug|Any CPU
		{072F227E-6621-4F1B-95A5-6249D9E7B583}.Debug|Any CPU.Build.0 = Debug|Any CPU
		{072F227E-6621-4F1B-95A5-6249D9E7B583}.Release|Any CPU.ActiveCfg = Release|Any CPU
		{072F227E-6621-4F1B-95A5-6249D9E7B583}.Release|Any CPU.Build.0 = Release|Any CPU
		{3DB0EBD1-9C51-427B-887B-5E08B534B7C9}.Debug|Any CPU.ActiveCfg = Debug|Any CPU
		{3DB0EBD1-9C51-427B-887B-5E08B534B7C9}.Debug|Any CPU.Build.0 = Debug|Any CPU
		{3DB0EBD1-9C51-427B-887B-5E08B534B7C9}.Release|Any CPU.ActiveCfg = Release|Any CPU
		{3DB0EBD1-9C51-427B-887B-5E08B534B7C9}.Release|Any CPU.Build.0 = Release|Any CPU
		{76236144-CBC3-4E61-800B-A4EEB115F3E2}.Debug|Any CPU.ActiveCfg = Debug|Any CPU
		{76236144-CBC3-4E61-800B-A4EEB115F3E2}.Debug|Any CPU.Build.0 = Debug|Any CPU
		{76236144-CBC3-4E61-800B-A4EEB115F3E2}.Release|Any CPU.ActiveCfg = Release|Any CPU
		{76236144-CBC3-4E61-800B-A4EEB115F3E2}.Release|Any CPU.Build.0 = Release|Any CPU
		{2AF8FDEF-7991-4D5C-BDA8-5392A311B5BE}.Debug|Any CPU.ActiveCfg = Debug|Any CPU
		{2AF8FDEF-7991-4D5C-BDA8-5392A311B5BE}.Debug|Any CPU.Build.0 = Debug|Any CPU
		{2AF8FDEF-7991-4D5C-BDA8-5392A311B5BE}.Release|Any CPU.ActiveCfg = Release|Any CPU
		{2AF8FDEF-7991-4D5C-BDA8-5392A311B5BE}.Release|Any CPU.Build.0 = Release|Any CPU
		{C2BCEFD6-C19E-4AF7-95A0-AC63BAFAD274}.Debug|Any CPU.ActiveCfg = Debug|Any CPU
		{C2BCEFD6-C19E-4AF7-95A0-AC63BAFAD274}.Debug|Any CPU.Build.0 = Debug|Any CPU
		{C2BCEFD6-C19E-4AF7-95A0-AC63BAFAD274}.Release|Any CPU.ActiveCfg = Release|Any CPU
		{C2BCEFD6-C19E-4AF7-95A0-AC63BAFAD274}.Release|Any CPU.Build.0 = Release|Any CPU
		{3F82F51A-0924-48D4-9D6F-4022111FC281}.Debug|Any CPU.ActiveCfg = Debug|Any CPU
		{3F82F51A-0924-48D4-9D6F-4022111FC281}.Debug|Any CPU.Build.0 = Debug|Any CPU
		{3F82F51A-0924-48D4-9D6F-4022111FC281}.Release|Any CPU.ActiveCfg = Release|Any CPU
		{3F82F51A-0924-48D4-9D6F-4022111FC281}.Release|Any CPU.Build.0 = Release|Any CPU
		{81091381-44B9-4AC7-A5D0-7E9C57112145}.Debug|Any CPU.ActiveCfg = Debug|Any CPU
		{81091381-44B9-4AC7-A5D0-7E9C57112145}.Debug|Any CPU.Build.0 = Debug|Any CPU
		{81091381-44B9-4AC7-A5D0-7E9C57112145}.Release|Any CPU.ActiveCfg = Release|Any CPU
		{81091381-44B9-4AC7-A5D0-7E9C57112145}.Release|Any CPU.Build.0 = Release|Any CPU
		{D7B1B994-A63B-4EFF-8BD6-1CBF313E5C63}.Debug|Any CPU.ActiveCfg = Debug|Any CPU
		{D7B1B994-A63B-4EFF-8BD6-1CBF313E5C63}.Debug|Any CPU.Build.0 = Debug|Any CPU
		{D7B1B994-A63B-4EFF-8BD6-1CBF313E5C63}.Release|Any CPU.ActiveCfg = Release|Any CPU
		{D7B1B994-A63B-4EFF-8BD6-1CBF313E5C63}.Release|Any CPU.Build.0 = Release|Any CPU
		{32080B43-5934-49F7-9AAA-C5927283FB51}.Debug|Any CPU.ActiveCfg = Debug|Any CPU
		{32080B43-5934-49F7-9AAA-C5927283FB51}.Debug|Any CPU.Build.0 = Debug|Any CPU
		{32080B43-5934-49F7-9AAA-C5927283FB51}.Release|Any CPU.ActiveCfg = Release|Any CPU
		{32080B43-5934-49F7-9AAA-C5927283FB51}.Release|Any CPU.Build.0 = Release|Any CPU
		{2515B286-F664-4154-B74E-779030FC900B}.Debug|Any CPU.ActiveCfg = Debug|Any CPU
		{2515B286-F664-4154-B74E-779030FC900B}.Debug|Any CPU.Build.0 = Debug|Any CPU
		{2515B286-F664-4154-B74E-779030FC900B}.Release|Any CPU.ActiveCfg = Release|Any CPU
		{2515B286-F664-4154-B74E-779030FC900B}.Release|Any CPU.Build.0 = Release|Any CPU
		{4CA9BB40-9126-4908-9478-CE8056D1BBC5}.Debug|Any CPU.ActiveCfg = Debug|Any CPU
		{4CA9BB40-9126-4908-9478-CE8056D1BBC5}.Debug|Any CPU.Build.0 = Debug|Any CPU
		{4CA9BB40-9126-4908-9478-CE8056D1BBC5}.Release|Any CPU.ActiveCfg = Release|Any CPU
		{4CA9BB40-9126-4908-9478-CE8056D1BBC5}.Release|Any CPU.Build.0 = Release|Any CPU
		{B0FA0CA4-C99E-40DB-AA16-59D25299FE58}.Debug|Any CPU.ActiveCfg = Debug|Any CPU
		{B0FA0CA4-C99E-40DB-AA16-59D25299FE58}.Debug|Any CPU.Build.0 = Debug|Any CPU
		{B0FA0CA4-C99E-40DB-AA16-59D25299FE58}.Release|Any CPU.ActiveCfg = Release|Any CPU
		{B0FA0CA4-C99E-40DB-AA16-59D25299FE58}.Release|Any CPU.Build.0 = Release|Any CPU
		{8C1FC335-5112-4226-ABF8-029FA6785A88}.Debug|Any CPU.ActiveCfg = Debug|Any CPU
		{8C1FC335-5112-4226-ABF8-029FA6785A88}.Debug|Any CPU.Build.0 = Debug|Any CPU
		{8C1FC335-5112-4226-ABF8-029FA6785A88}.Release|Any CPU.ActiveCfg = Release|Any CPU
		{8C1FC335-5112-4226-ABF8-029FA6785A88}.Release|Any CPU.Build.0 = Release|Any CPU
	EndGlobalSection
	GlobalSection(SolutionProperties) = preSolution
		HideSolutionNode = FALSE
	EndGlobalSection
	GlobalSection(NestedProjects) = preSolution
		{3DB0EBD1-9C51-427B-887B-5E08B534B7C9} = {6D4445A6-E876-4088-A2E6-7536725136DB}
		{2AF8FDEF-7991-4D5C-BDA8-5392A311B5BE} = {6D4445A6-E876-4088-A2E6-7536725136DB}
		{D7B1B994-A63B-4EFF-8BD6-1CBF313E5C63} = {6D4445A6-E876-4088-A2E6-7536725136DB}
		{2515B286-F664-4154-B74E-779030FC900B} = {6D4445A6-E876-4088-A2E6-7536725136DB}
	EndGlobalSection
	GlobalSection(ExtensibilityGlobals) = postSolution
		SolutionGuid = {013D8A86-504A-4132-95B5-904FCA5336DF}
	EndGlobalSection
EndGlobal
